
Microsoft Visual Studio Solution File, Format Version 12.00
# Visual Studio Version 17
VisualStudioVersion = 17.5.002.0
MinimumVisualStudioVersion = 10.0.40219.1
Project("{9A19103F-16F7-4668-BE54-9A1E7A4F7556}") = "DesafioPOO", "DesafioPOO.csproj", "{F3972E66-FD65-45BD-977E-C58E82BED809}"
EndProject
Global
	GlobalSection(SolutionConfigurationPlatforms) = preSolution
		Debug|Any CPU = Debug|Any CPU
		Release|Any CPU = Release|Any CPU
	EndGlobalSection
	GlobalSection(ProjectConfigurationPlatforms) = postSolution
		{F3972E66-FD65-45BD-977E-C58E82BED809}.Debug|Any CPU.ActiveCfg = Debug|Any CPU
		{F3972E66-FD65-45BD-977E-C58E82BED809}.Debug|Any CPU.Build.0 = Debug|Any CPU
		{F3972E66-FD65-45BD-977E-C58E82BED809}.Release|Any CPU.ActiveCfg = Release|Any CPU
		{F3972E66-FD65-45BD-977E-C58E82BED809}.Release|Any CPU.Build.0 = Release|Any CPU
	EndGlobalSection
	GlobalSection(SolutionProperties) = preSolution
		HideSolutionNode = FALSE
	EndGlobalSection
	GlobalSection(ExtensibilityGlobals) = postSolution
		SolutionGuid = {BB225294-A9BE-40F5-9E40-1DDE2027BE8A}
	EndGlobalSection
EndGlobal
